
Microsoft Visual Studio Solution File, Format Version 12.00
# Visual Studio Version 17
VisualStudioVersion = 17.0.31903.59
MinimumVisualStudioVersion = 10.0.40219.1
Project("{2150E333-8FDC-42A3-9474-1A3956D46DE8}") = "src", "src", "{827E0CD3-B72D-47B6-A68D-7590B98EB39B}"
EndProject
Project("{FAE04EC0-301F-11D3-BF4B-00C04F79EFBC}") = "BlazorAsteroids", "src\BlazorAsteroids\BlazorAsteroids.csproj", "{A5D3836B-FDAD-4F5C-ACDD-27E5FB810B96}"
EndProject
Project("{FAE04EC0-301F-11D3-BF4B-00C04F79EFBC}") = "BlazorAsteroids.Tests", "tests\BlazorAsteroids.Tests\BlazorAsteroids.Tests.csproj", "{F4846A87-22FC-47B7-962B-E3EA5C766D6B}"
EndProject
Project("{FAE04EC0-301F-11D3-BF4B-00C04F79EFBC}") = "BlazorAsteroids.Server", "src\BlazorAsteroids.Server\BlazorAsteroids.Server.csproj", "{A0B51163-99B0-4B47-A96B-505B38924FD9}"
EndProject
Global
	GlobalSection(SolutionConfigurationPlatforms) = preSolution
		Debug|Any CPU = Debug|Any CPU
		Debug|x64 = Debug|x64
		Debug|x86 = Debug|x86
		Release|Any CPU = Release|Any CPU
		Release|x64 = Release|x64
		Release|x86 = Release|x86
	EndGlobalSection
	GlobalSection(ProjectConfigurationPlatforms) = postSolution
		{A5D3836B-FDAD-4F5C-ACDD-27E5FB810B96}.Debug|Any CPU.ActiveCfg = Debug|Any CPU
		{A5D3836B-FDAD-4F5C-ACDD-27E5FB810B96}.Debug|Any CPU.Build.0 = Debug|Any CPU
		{A5D3836B-FDAD-4F5C-ACDD-27E5FB810B96}.Debug|x64.ActiveCfg = Debug|Any CPU
		{A5D3836B-FDAD-4F5C-ACDD-27E5FB810B96}.Debug|x64.Build.0 = Debug|Any CPU
		{A5D3836B-FDAD-4F5C-ACDD-27E5FB810B96}.Debug|x86.ActiveCfg = Debug|Any CPU
		{A5D3836B-FDAD-4F5C-ACDD-27E5FB810B96}.Debug|x86.Build.0 = Debug|Any CPU
		{A5D3836B-FDAD-4F5C-ACDD-27E5FB810B96}.Release|Any CPU.ActiveCfg = Release|Any CPU
		{A5D3836B-FDAD-4F5C-ACDD-27E5FB810B96}.Release|Any CPU.Build.0 = Release|Any CPU
		{A5D3836B-FDAD-4F5C-ACDD-27E5FB810B96}.Release|x64.ActiveCfg = Release|Any CPU
		{A5D3836B-FDAD-4F5C-ACDD-27E5FB810B96}.Release|x64.Build.0 = Release|Any CPU
		{A5D3836B-FDAD-4F5C-ACDD-27E5FB810B96}.Release|x86.ActiveCfg = Release|Any CPU
		{A5D3836B-FDAD-4F5C-ACDD-27E5FB810B96}.Release|x86.Build.0 = Release|Any CPU
		{F4846A87-22FC-47B7-962B-E3EA5C766D6B}.Debug|Any CPU.ActiveCfg = Debug|Any CPU
		{F4846A87-22FC-47B7-962B-E3EA5C766D6B}.Debug|Any CPU.Build.0 = Debug|Any CPU
		{F4846A87-22FC-47B7-962B-E3EA5C766D6B}.Debug|x64.ActiveCfg = Debug|Any CPU
		{F4846A87-22FC-47B7-962B-E3EA5C766D6B}.Debug|x64.Build.0 = Debug|Any CPU
		{F4846A87-22FC-47B7-962B-E3EA5C766D6B}.Debug|x86.ActiveCfg = Debug|Any CPU
		{F4846A87-22FC-47B7-962B-E3EA5C766D6B}.Debug|x86.Build.0 = Debug|Any CPU
		{F4846A87-22FC-47B7-962B-E3EA5C766D6B}.Release|Any CPU.ActiveCfg = Release|Any CPU
		{F4846A87-22FC-47B7-962B-E3EA5C766D6B}.Release|Any CPU.Build.0 = Release|Any CPU
		{F4846A87-22FC-47B7-962B-E3EA5C766D6B}.Release|x64.ActiveCfg = Release|Any CPU
		{F4846A87-22FC-47B7-962B-E3EA5C766D6B}.Release|x64.Build.0 = Release|Any CPU
		{F4846A87-22FC-47B7-962B-E3EA5C766D6B}.Release|x86.ActiveCfg = Release|Any CPU
		{F4846A87-22FC-47B7-962B-E3EA5C766D6B}.Release|x86.Build.0 = Release|Any CPU
		{A0B51163-99B0-4B47-A96B-505B38924FD9}.Debug|Any CPU.ActiveCfg = Debug|Any CPU
		{A0B51163-99B0-4B47-A96B-505B38924FD9}.Debug|Any CPU.Build.0 = Debug|Any CPU
		{A0B51163-99B0-4B47-A96B-505B38924FD9}.Debug|x64.ActiveCfg = Debug|Any CPU
		{A0B51163-99B0-4B47-A96B-505B38924FD9}.Debug|x64.Build.0 = Debug|Any CPU
		{A0B51163-99B0-4B47-A96B-505B38924FD9}.Debug|x86.ActiveCfg = Debug|Any CPU
		{A0B51163-99B0-4B47-A96B-505B38924FD9}.Debug|x86.Build.0 = Debug|Any CPU
		{A0B51163-99B0-4B47-A96B-505B38924FD9}.Release|Any CPU.ActiveCfg = Release|Any CPU
		{A0B51163-99B0-4B47-A96B-505B38924FD9}.Release|Any CPU.Build.0 = Release|Any CPU
		{A0B51163-99B0-4B47-A96B-505B38924FD9}.Release|x64.ActiveCfg = Release|Any CPU
		{A0B51163-99B0-4B47-A96B-505B38924FD9}.Release|x64.Build.0 = Release|Any CPU
		{A0B51163-99B0-4B47-A96B-505B38924FD9}.Release|x86.ActiveCfg = Release|Any CPU
		{A0B51163-99B0-4B47-A96B-505B38924FD9}.Release|x86.Build.0 = Release|Any CPU
	EndGlobalSection
	GlobalSection(SolutionProperties) = preSolution
		HideSolutionNode = FALSE
	EndGlobalSection
	GlobalSection(NestedProjects) = preSolution
		{A5D3836B-FDAD-4F5C-ACDD-27E5FB810B96} = {827E0CD3-B72D-47B6-A68D-7590B98EB39B}
		{F4846A87-22FC-47B7-962B-E3EA5C766D6B} = {827E0CD3-B72D-47B6-A68D-7590B98EB39B}
		{A0B51163-99B0-4B47-A96B-505B38924FD9} = {827E0CD3-B72D-47B6-A68D-7590B98EB39B}
	EndGlobalSection
EndGlobal
